
Microsoft Visual Studio Solution File, Format Version 12.00
# Visual Studio Version 18
VisualStudioVersion = 18.3.11520.95 d18.3
MinimumVisualStudioVersion = 10.0.40219.1
Project("{FAE04EC0-301F-11D3-BF4B-00C04F79EFBC}") = "Auto Tools", "Auto Tools.csproj", "{B1584FF5-6A39-3665-7F79-C7A3F5D0EE8A}"
EndProject
Global
	GlobalSection(SolutionConfigurationPlatforms) = preSolution
		Debug|Any CPU = Debug|Any CPU
		Release|Any CPU = Release|Any CPU
	EndGlobalSection
	GlobalSection(ProjectConfigurationPlatforms) = postSolution
		{B1584FF5-6A39-3665-7F79-C7A3F5D0EE8A}.Debug|Any CPU.ActiveCfg = Debug|Any CPU
		{B1584FF5-6A39-3665-7F79-C7A3F5D0EE8A}.Debug|Any CPU.Build.0 = Debug|Any CPU
		{B1584FF5-6A39-3665-7F79-C7A3F5D0EE8A}.Release|Any CPU.ActiveCfg = Release|Any CPU
		{B1584FF5-6A39-3665-7F79-C7A3F5D0EE8A}.Release|Any CPU.Build.0 = Release|Any CPU
	EndGlobalSection
	GlobalSection(SolutionProperties) = preSolution
		HideSolutionNode = FALSE
	EndGlobalSection
	GlobalSection(ExtensibilityGlobals) = postSolution
		SolutionGuid = {E0E5A2F6-7754-489C-895D-2AC782B6458F}
	EndGlobalSection
EndGlobal
